
Microsoft Visual Studio Solution File, Format Version 12.00
# Visual Studio Version 17
VisualStudioVersion = 17.3.32811.315
MinimumVisualStudioVersion = 10.0.40219.1
Project("{FAE04EC0-301F-11D3-BF4B-00C04F79EFBC}") = "IsSentenceUppercase", "src\IsSentenceUppercase\IsSentenceUppercase.csproj", "{83A55BAF-3B9D-4F4D-BC93-DD137D908E99}"
EndProject
Global
	GlobalSection(SolutionConfigurationPlatforms) = preSolution
		Debug|Any CPU = Debug|Any CPU
		Release|Any CPU = Release|Any CPU
	EndGlobalSection
	GlobalSection(ProjectConfigurationPlatforms) = postSolution
		{83A55BAF-3B9D-4F4D-BC93-DD137D908E99}.Debug|Any CPU.ActiveCfg = Debug|Any CPU
		{83A55BAF-3B9D-4F4D-BC93-DD137D908E99}.Debug|Any CPU.Build.0 = Debug|Any CPU
		{83A55BAF-3B9D-4F4D-BC93-DD137D908E99}.Release|Any CPU.ActiveCfg = Release|Any CPU
		{83A55BAF-3B9D-4F4D-BC93-DD137D908E99}.Release|Any CPU.Build.0 = Release|Any CPU
	EndGlobalSection
	GlobalSection(SolutionProperties) = preSolution
		HideSolutionNode = FALSE
	EndGlobalSection
	GlobalSection(ExtensibilityGlobals) = postSolution
		SolutionGuid = {BA3C2A24-30A2-4F8B-8377-715FD71E1F0E}
	EndGlobalSection
EndGlobal
